// !$*UTF8*$!
{
	archiveVersion = 1;
	classes = {
	};
	objectVersion = 50;
	objects = {

/* Begin PBXBuildFile section */
		F664F548217E231400EF8859 /* HandyJSON.framework in Frameworks */ = {isa = PBXBuildFile; fileRef = F664F545217E231300EF8859 /* HandyJSON.framework */; };
		F664F549217E231400EF8859 /* Localize_Swift.framework in Frameworks */ = {isa = PBXBuildFile; fileRef = F664F546217E231400EF8859 /* Localize_Swift.framework */; };
		F664F54A217E231400EF8859 /* SnapKit.framework in Frameworks */ = {isa = PBXBuildFile; fileRef = F664F547217E231400EF8859 /* SnapKit.framework */; };
		F664F54D217E258700EF8859 /* TableData.json in Resources */ = {isa = PBXBuildFile; fileRef = F664F54C217E258700EF8859 /* TableData.json */; };
		F664F550217E263F00EF8859 /* ProfileModel.swift in Sources */ = {isa = PBXBuildFile; fileRef = F664F54F217E263F00EF8859 /* ProfileModel.swift */; };
		F664F555217E2B5B00EF8859 /* ProfileViewModel.swift in Sources */ = {isa = PBXBuildFile; fileRef = F664F554217E2B5B00EF8859 /* ProfileViewModel.swift */; };
		F664F557217E31F500EF8859 /* NamePictureCell.swift in Sources */ = {isa = PBXBuildFile; fileRef = F664F556217E31F500EF8859 /* NamePictureCell.swift */; };
		F664F559217E344B00EF8859 /* Configure.swift in Sources */ = {isa = PBXBuildFile; fileRef = F664F558217E344B00EF8859 /* Configure.swift */; };
		F664F55B217E350000EF8859 /* Extentions.swift in Sources */ = {isa = PBXBuildFile; fileRef = F664F55A217E350000EF8859 /* Extentions.swift */; };
		F67A5689217F6A4F006521AB /* AboutCell.swift in Sources */ = {isa = PBXBuildFile; fileRef = F67A5688217F6A4F006521AB /* AboutCell.swift */; };
		F67A568B217F6C72006521AB /* AttributeCell.swift in Sources */ = {isa = PBXBuildFile; fileRef = F67A568A217F6C72006521AB /* AttributeCell.swift */; };
		F67A568D217F6EAE006521AB /* FriendsCell.swift in Sources */ = {isa = PBXBuildFile; fileRef = F67A568C217F6EAE006521AB /* FriendsCell.swift */; };
		F67A568F217F81E4006521AB /* EmailCell.swift in Sources */ = {isa = PBXBuildFile; fileRef = F67A568E217F81E4006521AB /* EmailCell.swift */; };
		F6824A2021762874003029EE /* AppDelegate.swift in Sources */ = {isa = PBXBuildFile; fileRef = F6824A1F21762874003029EE /* AppDelegate.swift */; };
		F6824A2221762874003029EE /* ViewController.swift in Sources */ = {isa = PBXBuildFile; fileRef = F6824A2121762874003029EE /* ViewController.swift */; };
		F6824A2521762874003029EE /* Main.storyboard in Resources */ = {isa = PBXBuildFile; fileRef = F6824A2321762874003029EE /* Main.storyboard */; };
		F6824A2721762875003029EE /* Assets.xcassets in Resources */ = {isa = PBXBuildFile; fileRef = F6824A2621762875003029EE /* Assets.xcassets */; };
		F6824A2A21762875003029EE /* LaunchScreen.storyboard in Resources */ = {isa = PBXBuildFile; fileRef = F6824A2821762875003029EE /* LaunchScreen.storyboard */; };
		F6824A3521762875003029EE /* TableViewTests.swift in Sources */ = {isa = PBXBuildFile; fileRef = F6824A3421762875003029EE /* TableViewTests.swift */; };
		F6824A4021762875003029EE /* TableViewUITests.swift in Sources */ = {isa = PBXBuildFile; fileRef = F6824A3F21762875003029EE /* TableViewUITests.swift */; };
		F6824A4F21762B63003029EE /* UITableViewCell.swift in Sources */ = {isa = PBXBuildFile; fileRef = F6824A4E21762B63003029EE /* UITableViewCell.swift */; };
/* End PBXBuildFile section */

/* Begin PBXContainerItemProxy section */
		F6824A3121762875003029EE /* PBXContainerItemProxy */ = {
			isa = PBXContainerItemProxy;
			containerPortal = F6824A1421762874003029EE /* Project object */;
			proxyType = 1;
			remoteGlobalIDString = F6824A1B21762874003029EE;
			remoteInfo = TableView;
		};
		F6824A3C21762875003029EE /* PBXContainerItemProxy */ = {
			isa = PBXContainerItemProxy;
			containerPortal = F6824A1421762874003029EE /* Project object */;
			proxyType = 1;
			remoteGlobalIDString = F6824A1B21762874003029EE;
			remoteInfo = TableView;
		};
/* End PBXContainerItemProxy section */

/* Begin PBXFileReference section */
		F664F545217E231300EF8859 /* HandyJSON.framework */ = {isa = PBXFileReference; lastKnownFileType = wrapper.framework; name = HandyJSON.framework; path = Carthage/Build/iOS/HandyJSON.framework; sourceTree = "<group>"; };
		F664F546217E231400EF8859 /* Localize_Swift.framework */ = {isa = PBXFileReference; lastKnownFileType = wrapper.framework; name = Localize_Swift.framework; path = Carthage/Build/iOS/Localize_Swift.framework; sourceTree = "<group>"; };
		F664F547217E231400EF8859 /* SnapKit.framework */ = {isa = PBXFileReference; lastKnownFileType = wrapper.framework; name = SnapKit.framework; path = Carthage/Build/iOS/SnapKit.framework; sourceTree = "<group>"; };
		F664F54C217E258700EF8859 /* TableData.json */ = {isa = PBXFileReference; fileEncoding = 4; lastKnownFileType = text.json; path = TableData.json; sourceTree = "<group>"; };
		F664F54F217E263F00EF8859 /* ProfileModel.swift */ = {isa = PBXFileReference; lastKnownFileType = sourcecode.swift; path = ProfileModel.swift; sourceTree = "<group>"; };
		F664F554217E2B5B00EF8859 /* ProfileViewModel.swift */ = {isa = PBXFileReference; lastKnownFileType = sourcecode.swift; path = ProfileViewModel.swift; sourceTree = "<group>"; };
		F664F556217E31F500EF8859 /* NamePictureCell.swift */ = {isa = PBXFileReference; lastKnownFileType = sourcecode.swift; path = NamePictureCell.swift; sourceTree = "<group>"; };
		F664F558217E344B00EF8859 /* Configure.swift */ = {isa = PBXFileReference; lastKnownFileType = sourcecode.swift; path = Configure.swift; sourceTree = "<group>"; };
		F664F55A217E350000EF8859 /* Extentions.swift */ = {isa = PBXFileReference; lastKnownFileType = sourcecode.swift; path = Extentions.swift; sourceTree = "<group>"; };
		F67A5688217F6A4F006521AB /* AboutCell.swift */ = {isa = PBXFileReference; lastKnownFileType = sourcecode.swift; path = AboutCell.swift; sourceTree = "<group>"; };
		F67A568A217F6C72006521AB /* AttributeCell.swift */ = {isa = PBXFileReference; lastKnownFileType = sourcecode.swift; path = AttributeCell.swift; sourceTree = "<group>"; };
		F67A568C217F6EAE006521AB /* FriendsCell.swift */ = {isa = PBXFileReference; lastKnownFileType = sourcecode.swift; path = FriendsCell.swift; sourceTree = "<group>"; };
		F67A568E217F81E4006521AB /* EmailCell.swift */ = {isa = PBXFileReference; lastKnownFileType = sourcecode.swift; path = EmailCell.swift; sourceTree = "<group>"; };
		F6824A1C21762874003029EE /* TableView.app */ = {isa = PBXFileReference; explicitFileType = wrapper.application; includeInIndex = 0; path = TableView.app; sourceTree = BUILT_PRODUCTS_DIR; };
		F6824A1F21762874003029EE /* AppDelegate.swift */ = {isa = PBXFileReference; lastKnownFileType = sourcecode.swift; path = AppDelegate.swift; sourceTree = "<group>"; };
		F6824A2121762874003029EE /* ViewController.swift */ = {isa = PBXFileReference; lastKnownFileType = sourcecode.swift; path = ViewController.swift; sourceTree = "<group>"; };
		F6824A2421762874003029EE /* Base */ = {isa = PBXFileReference; lastKnownFileType = file.storyboard; name = Base; path = Base.lproj/Main.storyboard; sourceTree = "<group>"; };
		F6824A2621762875003029EE /* Assets.xcassets */ = {isa = PBXFileReference; lastKnownFileType = folder.assetcatalog; path = Assets.xcassets; sourceTree = "<group>"; };
		F6824A2921762875003029EE /* Base */ = {isa = PBXFileReference; lastKnownFileType = file.storyboard; name = Base; path = Base.lproj/LaunchScreen.storyboard; sourceTree = "<group>"; };
		F6824A2B21762875003029EE /* Info.plist */ = {isa = PBXFileReference; lastKnownFileType = text.plist.xml; path = Info.plist; sourceTree = "<group>"; };
		F6824A3021762875003029EE /* TableViewTests.xctest */ = {isa = PBXFileReference; explicitFileType = wrapper.cfbundle; includeInIndex = 0; path = TableViewTests.xctest; sourceTree = BUILT_PRODUCTS_DIR; };
		F6824A3421762875003029EE /* TableViewTests.swift */ = {isa = PBXFileReference; lastKnownFileType = sourcecode.swift; path = TableViewTests.swift; sourceTree = "<group>"; };
		F6824A3621762875003029EE /* Info.plist */ = {isa = PBXFileReference; lastKnownFileType = text.plist.xml; path = Info.plist; sourceTree = "<group>"; };
		F6824A3B21762875003029EE /* TableViewUITests.xctest */ = {isa = PBXFileReference; explicitFileType = wrapper.cfbundle; includeInIndex = 0; path = TableViewUITests.xctest; sourceTree = BUILT_PRODUCTS_DIR; };
		F6824A3F21762875003029EE /* TableViewUITests.swift */ = {isa = PBXFileReference; lastKnownFileType = sourcecode.swift; path = TableViewUITests.swift; sourceTree = "<group>"; };
		F6824A4121762875003029EE /* Info.plist */ = {isa = PBXFileReference; lastKnownFileType = text.plist.xml; path = Info.plist; sourceTree = "<group>"; };
		F6824A4E21762B63003029EE /* UITableViewCell.swift */ = {isa = PBXFileReference; lastKnownFileType = sourcecode.swift; path = UITableViewCell.swift; sourceTree = "<group>"; };
/* End PBXFileReference section */

/* Begin PBXFrameworksBuildPhase section */
		F6824A1921762874003029EE /* Frameworks */ = {
			isa = PBXFrameworksBuildPhase;
			buildActionMask = 2147483647;
			files = (
				F664F548217E231400EF8859 /* HandyJSON.framework in Frameworks */,
				F664F549217E231400EF8859 /* Localize_Swift.framework in Frameworks */,
				F664F54A217E231400EF8859 /* SnapKit.framework in Frameworks */,
			);
			runOnlyForDeploymentPostprocessing = 0;
		};
		F6824A2D21762875003029EE /* Frameworks */ = {
			isa = PBXFrameworksBuildPhase;
			buildActionMask = 2147483647;
			files = (
			);
			runOnlyForDeploymentPostprocessing = 0;
		};
		F6824A3821762875003029EE /* Frameworks */ = {
			isa = PBXFrameworksBuildPhase;
			buildActionMask = 2147483647;
			files = (
			);
			runOnlyForDeploymentPostprocessing = 0;
		};
/* End PBXFrameworksBuildPhase section */

/* Begin PBXGroup section */
		F664F544217E231300EF8859 /* Frameworks */ = {
			isa = PBXGroup;
			children = (
				F664F545217E231300EF8859 /* HandyJSON.framework */,
				F664F546217E231400EF8859 /* Localize_Swift.framework */,
				F664F547217E231400EF8859 /* SnapKit.framework */,
			);
			name = Frameworks;
			sourceTree = "<group>";
		};
		F664F54E217E25E900EF8859 /* Common */ = {
			isa = PBXGroup;
			children = (
				F664F54F217E263F00EF8859 /* ProfileModel.swift */,
				F664F558217E344B00EF8859 /* Configure.swift */,
				F664F55A217E350000EF8859 /* Extentions.swift */,
			);
			path = Common;
			sourceTree = "<group>";
		};
		F664F553217E2B3600EF8859 /* ViewModel */ = {
			isa = PBXGroup;
			children = (
				F664F554217E2B5B00EF8859 /* ProfileViewModel.swift */,
			);
			path = ViewModel;
			sourceTree = "<group>";
		};
		F6824A1321762874003029EE = {
			isa = PBXGroup;
			children = (
				F6824A1E21762874003029EE /* TableView */,
				F6824A3321762875003029EE /* TableViewTests */,
				F6824A3E21762875003029EE /* TableViewUITests */,
				F6824A1D21762874003029EE /* Products */,
				F664F544217E231300EF8859 /* Frameworks */,
			);
			sourceTree = "<group>";
		};
		F6824A1D21762874003029EE /* Products */ = {
			isa = PBXGroup;
			children = (
				F6824A1C21762874003029EE /* TableView.app */,
				F6824A3021762875003029EE /* TableViewTests.xctest */,
				F6824A3B21762875003029EE /* TableViewUITests.xctest */,
			);
			name = Products;
			sourceTree = "<group>";
		};
		F6824A1E21762874003029EE /* TableView */ = {
			isa = PBXGroup;
			children = (
				F6824A1F21762874003029EE /* AppDelegate.swift */,
				F6824A2121762874003029EE /* ViewController.swift */,
				F6824A2321762874003029EE /* Main.storyboard */,
				F6824A2621762875003029EE /* Assets.xcassets */,
				F6824A2821762875003029EE /* LaunchScreen.storyboard */,
				F6824A2B21762875003029EE /* Info.plist */,
				F664F54C217E258700EF8859 /* TableData.json */,
				F664F553217E2B3600EF8859 /* ViewModel */,
				F6824A4D21762B3D003029EE /* CellsDefine */,
				F664F54E217E25E900EF8859 /* Common */,
			);
			path = TableView;
			sourceTree = "<group>";
		};
		F6824A3321762875003029EE /* TableViewTests */ = {
			isa = PBXGroup;
			children = (
				F6824A3421762875003029EE /* TableViewTests.swift */,
				F6824A3621762875003029EE /* Info.plist */,
			);
			path = TableViewTests;
			sourceTree = "<group>";
		};
		F6824A3E21762875003029EE /* TableViewUITests */ = {
			isa = PBXGroup;
			children = (
				F6824A3F21762875003029EE /* TableViewUITests.swift */,
				F6824A4121762875003029EE /* Info.plist */,
			);
			path = TableViewUITests;
			sourceTree = "<group>";
		};
		F6824A4D21762B3D003029EE /* CellsDefine */ = {
			isa = PBXGroup;
			children = (
				F6824A4E21762B63003029EE /* UITableViewCell.swift */,
				F664F556217E31F500EF8859 /* NamePictureCell.swift */,
				F67A5688217F6A4F006521AB /* AboutCell.swift */,
				F67A568A217F6C72006521AB /* AttributeCell.swift */,
				F67A568C217F6EAE006521AB /* FriendsCell.swift */,
				F67A568E217F81E4006521AB /* EmailCell.swift */,
			);
			path = CellsDefine;
			sourceTree = "<group>";
		};
/* End PBXGroup section */

/* Begin PBXNativeTarget section */
		F6824A1B21762874003029EE /* TableView */ = {
			isa = PBXNativeTarget;
			buildConfigurationList = F6824A4421762875003029EE /* Build configuration list for PBXNativeTarget "TableView" */;
			buildPhases = (
				F6824A1821762874003029EE /* Sources */,
				F6824A1921762874003029EE /* Frameworks */,
				F6824A1A21762874003029EE /* Resources */,
				F664F54B217E236B00EF8859 /* ShellScript */,
			);
			buildRules = (
			);
			dependencies = (
			);
			name = TableView;
			productName = TableView;
			productReference = F6824A1C21762874003029EE /* TableView.app */;
			productType = "com.apple.product-type.application";
		};
		F6824A2F21762875003029EE /* TableViewTests */ = {
			isa = PBXNativeTarget;
			buildConfigurationList = F6824A4721762875003029EE /* Build configuration list for PBXNativeTarget "TableViewTests" */;
			buildPhases = (
				F6824A2C21762875003029EE /* Sources */,
				F6824A2D21762875003029EE /* Frameworks */,
				F6824A2E21762875003029EE /* Resources */,
			);
			buildRules = (
			);
			dependencies = (
				F6824A3221762875003029EE /* PBXTargetDependency */,
			);
			name = TableViewTests;
			productName = TableViewTests;
			productReference = F6824A3021762875003029EE /* TableViewTests.xctest */;
			productType = "com.apple.product-type.bundle.unit-test";
		};
		F6824A3A21762875003029EE /* TableViewUITests */ = {
			isa = PBXNativeTarget;
			buildConfigurationList = F6824A4A21762875003029EE /* Build configuration list for PBXNativeTarget "TableViewUITests" */;
			buildPhases = (
				F6824A3721762875003029EE /* Sources */,
				F6824A3821762875003029EE /* Frameworks */,
				F6824A3921762875003029EE /* Resources */,
			);
			buildRules = (
			);
			dependencies = (
				F6824A3D21762875003029EE /* PBXTargetDependency */,
			);
			name = TableViewUITests;
			productName = TableViewUITests;
			productReference = F6824A3B21762875003029EE /* TableViewUITests.xctest */;
			productType = "com.apple.product-type.bundle.ui-testing";
		};
/* End PBXNativeTarget section */

/* Begin PBXProject section */
		F6824A1421762874003029EE /* Project object */ = {
			isa = PBXProject;
			attributes = {
				LastSwiftUpdateCheck = 1000;
				LastUpgradeCheck = 1000;
				ORGANIZATIONNAME = "Nguyen Van  Quoc";
				TargetAttributes = {
					F6824A1B21762874003029EE = {
						CreatedOnToolsVersion = 10.0;
					};
					F6824A2F21762875003029EE = {
						CreatedOnToolsVersion = 10.0;
						TestTargetID = F6824A1B21762874003029EE;
					};
					F6824A3A21762875003029EE = {
						CreatedOnToolsVersion = 10.0;
						TestTargetID = F6824A1B21762874003029EE;
					};
				};
			};
			buildConfigurationList = F6824A1721762874003029EE /* Build configuration list for PBXProject "TableView" */;
			compatibilityVersion = "Xcode 9.3";
			developmentRegion = en;
			hasScannedForEncodings = 0;
			knownRegions = (
				en,
				Base,
			);
			mainGroup = F6824A1321762874003029EE;
			productRefGroup = F6824A1D21762874003029EE /* Products */;
			projectDirPath = "";
			projectRoot = "";
			targets = (
				F6824A1B21762874003029EE /* TableView */,
				F6824A2F21762875003029EE /* TableViewTests */,
				F6824A3A21762875003029EE /* TableViewUITests */,
			);
		};
/* End PBXProject section */

/* Begin PBXResourcesBuildPhase section */
		F6824A1A21762874003029EE /* Resources */ = {
			isa = PBXResourcesBuildPhase;
			buildActionMask = 2147483647;
			files = (
				F664F54D217E258700EF8859 /* TableData.json in Resources */,
				F6824A2A21762875003029EE /* LaunchScreen.storyboard in Resources */,
				F6824A2721762875003029EE /* Assets.xcassets in Resources */,
				F6824A2521762874003029EE /* Main.storyboard in Resources */,
			);
			runOnlyForDeploymentPostprocessing = 0;
		};
		F6824A2E21762875003029EE /* Resources */ = {
			isa = PBXResourcesBuildPhase;
			buildActionMask = 2147483647;
			files = (
			);
			runOnlyForDeploymentPostprocessing = 0;
		};
		F6824A3921762875003029EE /* Resources */ = {
			isa = PBXResourcesBuildPhase;
			buildActionMask = 2147483647;
			files = (
			);
			runOnlyForDeploymentPostprocessing = 0;
		};
/* End PBXResourcesBuildPhase section */

/* Begin PBXShellScriptBuildPhase section */
		F664F54B217E236B00EF8859 /* ShellScript */ = {
			isa = PBXShellScriptBuildPhase;
			buildActionMask = 2147483647;
			files = (
			);
			inputFileListPaths = (
			);
			inputPaths = (
				"$(SRCROOT)/Carthage/Build/iOS/HandyJSON.framework",
				"$(SRCROOT)/Carthage/Build/iOS/Localize_Swift.framework",
				"$(SRCROOT)/Carthage/Build/iOS/SnapKit.framework",
			);
			outputFileListPaths = (
			);
			outputPaths = (
			);
			runOnlyForDeploymentPostprocessing = 0;
			shellPath = /bin/sh;
			shellScript = "# Type a script or drag a script file from your workspace to insert its path.\n/usr/local/bin/carthage copy-frameworks\n";
		};
/* End PBXShellScriptBuildPhase section */

/* Begin PBXSourcesBuildPhase section */
		F6824A1821762874003029EE /* Sources */ = {
			isa = PBXSourcesBuildPhase;
			buildActionMask = 2147483647;
			files = (
				F6824A4F21762B63003029EE /* UITableViewCell.swift in Sources */,
				F6824A2221762874003029EE /* ViewController.swift in Sources */,
				F67A5689217F6A4F006521AB /* AboutCell.swift in Sources */,
				F664F559217E344B00EF8859 /* Configure.swift in Sources */,
				F6824A2021762874003029EE /* AppDelegate.swift in Sources */,
				F664F55B217E350000EF8859 /* Extentions.swift in Sources */,
				F664F550217E263F00EF8859 /* ProfileModel.swift in Sources */,
				F664F555217E2B5B00EF8859 /* ProfileViewModel.swift in Sources */,
				F67A568D217F6EAE006521AB /* FriendsCell.swift in Sources */,
				F67A568B217F6C72006521AB /* AttributeCell.swift in Sources */,
				F67A568F217F81E4006521AB /* EmailCell.swift in Sources */,
				F664F557217E31F500EF8859 /* NamePictureCell.swift in Sources */,
			);
			runOnlyForDeploymentPostprocessing = 0;
		};
		F6824A2C21762875003029EE /* Sources */ = {
			isa = PBXSourcesBuildPhase;
			buildActionMask = 2147483647;
			files = (
				F6824A3521762875003029EE /* TableViewTests.swift in Sources */,
			);
			runOnlyForDeploymentPostprocessing = 0;
		};
		F6824A3721762875003029EE /* Sources */ = {
			isa = PBXSourcesBuildPhase;
			buildActionMask = 2147483647;
			files = (
				F6824A4021762875003029EE /* TableViewUITests.swift in Sources */,
			);
			runOnlyForDeploymentPostprocessing = 0;
		};
/* End PBXSourcesBuildPhase section */

/* Begin PBXTargetDependency section */
		F6824A3221762875003029EE /* PBXTargetDependency */ = {
			isa = PBXTargetDependency;
			target = F6824A1B21762874003029EE /* TableView */;
			targetProxy = F6824A3121762875003029EE /* PBXContainerItemProxy */;
		};
		F6824A3D21762875003029EE /* PBXTargetDependency */ = {
			isa = PBXTargetDependency;
			target = F6824A1B21762874003029EE /* TableView */;
			targetProxy = F6824A3C21762875003029EE /* PBXContainerItemProxy */;
		};
/* End PBXTargetDependency section */

/* Begin PBXVariantGroup section */
		F6824A2321762874003029EE /* Main.storyboard */ = {
			isa = PBXVariantGroup;
			children = (
				F6824A2421762874003029EE /* Base */,
			);
			name = Main.storyboard;
			sourceTree = "<group>";
		};
		F6824A2821762875003029EE /* LaunchScreen.storyboard */ = {
			isa = PBXVariantGroup;
			children = (
				F6824A2921762875003029EE /* Base */,
			);
			name = LaunchScreen.storyboard;
			sourceTree = "<group>";
		};
/* End PBXVariantGroup section */

/* Begin XCBuildConfiguration section */
		F6824A4221762875003029EE /* Debug */ = {
			isa = XCBuildConfiguration;
			buildSettings = {
				ALWAYS_SEARCH_USER_PATHS = NO;
				CLANG_ANALYZER_NONNULL = YES;
				CLANG_ANALYZER_NUMBER_OBJECT_CONVERSION = YES_AGGRESSIVE;
				CLANG_CXX_LANGUAGE_STANDARD = "gnu++14";
				CLANG_CXX_LIBRARY = "libc++";
				CLANG_ENABLE_MODULES = YES;
				CLANG_ENABLE_OBJC_ARC = YES;
				CLANG_ENABLE_OBJC_WEAK = YES;
				CLANG_WARN_BLOCK_CAPTURE_AUTORELEASING = YES;
				CLANG_WARN_BOOL_CONVERSION = YES;
				CLANG_WARN_COMMA = YES;
				CLANG_WARN_CONSTANT_CONVERSION = YES;
				CLANG_WARN_DEPRECATED_OBJC_IMPLEMENTATIONS = YES;
				CLANG_WARN_DIRECT_OBJC_ISA_USAGE = YES_ERROR;
				CLANG_WARN_DOCUMENTATION_COMMENTS = YES;
				CLANG_WARN_EMPTY_BODY = YES;
				CLANG_WARN_ENUM_CONVERSION = YES;
				CLANG_WARN_INFINITE_RECURSION = YES;
				CLANG_WARN_INT_CONVERSION = YES;
				CLANG_WARN_NON_LITERAL_NULL_CONVERSION = YES;
				CLANG_WARN_OBJC_IMPLICIT_RETAIN_SELF = YES;
				CLANG_WARN_OBJC_LITERAL_CONVERSION = YES;
				CLANG_WARN_OBJC_ROOT_CLASS = YES_ERROR;
				CLANG_WARN_RANGE_LOOP_ANALYSIS = YES;
				CLANG_WARN_STRICT_PROTOTYPES = YES;
				CLANG_WARN_SUSPICIOUS_MOVE = YES;
				CLANG_WARN_UNGUARDED_AVAILABILITY = YES_AGGRESSIVE;
				CLANG_WARN_UNREACHABLE_CODE = YES;
				CLANG_WARN__DUPLICATE_METHOD_MATCH = YES;
				CODE_SIGN_IDENTITY = "iPhone Developer";
				COPY_PHASE_STRIP = NO;
				DEBUG_INFORMATION_FORMAT = dwarf;
				ENABLE_STRICT_OBJC_MSGSEND = YES;
				ENABLE_TESTABILITY = YES;
				GCC_C_LANGUAGE_STANDARD = gnu11;
				GCC_DYNAMIC_NO_PIC = NO;
				GCC_NO_COMMON_BLOCKS = YES;
				GCC_OPTIMIZATION_LEVEL = 0;
				GCC_PREPROCESSOR_DEFINITIONS = (
					"DEBUG=1",
					"$(inherited)",
				);
				GCC_WARN_64_TO_32_BIT_CONVERSION = YES;
				GCC_WARN_ABOUT_RETURN_TYPE = YES_ERROR;
				GCC_WARN_UNDECLARED_SELECTOR = YES;
				GCC_WARN_UNINITIALIZED_AUTOS = YES_AGGRESSIVE;
				GCC_WARN_UNUSED_FUNCTION = YES;
				GCC_WARN_UNUSED_VARIABLE = YES;
				IPHONEOS_DEPLOYMENT_TARGET = 12.0;
				MTL_ENABLE_DEBUG_INFO = INCLUDE_SOURCE;
				MTL_FAST_MATH = YES;
				ONLY_ACTIVE_ARCH = YES;
				SDKROOT = iphoneos;
				SWIFT_ACTIVE_COMPILATION_CONDITIONS = DEBUG;
				SWIFT_OPTIMIZATION_LEVEL = "-Onone";
			};
			name = Debug;
		};
		F6824A4321762875003029EE /* Release */ = {
			isa = XCBuildConfiguration;
			buildSettings = {
				ALWAYS_SEARCH_USER_PATHS = NO;
				CLANG_ANALYZER_NONNULL = YES;
				CLANG_ANALYZER_NUMBER_OBJECT_CONVERSION = YES_AGGRESSIVE;
				CLANG_CXX_LANGUAGE_STANDARD = "gnu++14";
				CLANG_CXX_LIBRARY = "libc++";
				CLANG_ENABLE_MODULES = YES;
				CLANG_ENABLE_OBJC_ARC = YES;
				CLANG_ENABLE_OBJC_WEAK = YES;
				CLANG_WARN_BLOCK_CAPTURE_AUTORELEASING = YES;
				CLANG_WARN_BOOL_CONVERSION = YES;
				CLANG_WARN_COMMA = YES;
				CLANG_WARN_CONSTANT_CONVERSION = YES;
				CLANG_WARN_DEPRECATED_OBJC_IMPLEMENTATIONS = YES;
				CLANG_WARN_DIRECT_OBJC_ISA_USAGE = YES_ERROR;
				CLANG_WARN_DOCUMENTATION_COMMENTS = YES;
				CLANG_WARN_EMPTY_BODY = YES;
				CLANG_WARN_ENUM_CONVERSION = YES;
				CLANG_WARN_INFINITE_RECURSION = YES;
				CLANG_WARN_INT_CONVERSION = YES;
				CLANG_WARN_NON_LITERAL_NULL_CONVERSION = YES;
				CLANG_WARN_OBJC_IMPLICIT_RETAIN_SELF = YES;
				CLANG_WARN_OBJC_LITERAL_CONVERSION = YES;
				CLANG_WARN_OBJC_ROOT_CLASS = YES_ERROR;
				CLANG_WARN_RANGE_LOOP_ANALYSIS = YES;
				CLANG_WARN_STRICT_PROTOTYPES = YES;
				CLANG_WARN_SUSPICIOUS_MOVE = YES;
				CLANG_WARN_UNGUARDED_AVAILABILITY = YES_AGGRESSIVE;
				CLANG_WARN_UNREACHABLE_CODE = YES;
				CLANG_WARN__DUPLICATE_METHOD_MATCH = YES;
				CODE_SIGN_IDENTITY = "iPhone Developer";
				COPY_PHASE_STRIP = NO;
				DEBUG_INFORMATION_FORMAT = "dwarf-with-dsym";
				ENABLE_NS_ASSERTIONS = NO;
				ENABLE_STRICT_OBJC_MSGSEND = YES;
				GCC_C_LANGUAGE_STANDARD = gnu11;
				GCC_NO_COMMON_BLOCKS = YES;
				GCC_WARN_64_TO_32_BIT_CONVERSION = YES;
				GCC_WARN_ABOUT_RETURN_TYPE = YES_ERROR;
				GCC_WARN_UNDECLARED_SELECTOR = YES;
				GCC_WARN_UNINITIALIZED_AUTOS = YES_AGGRESSIVE;
				GCC_WARN_UNUSED_FUNCTION = YES;
				GCC_WARN_UNUSED_VARIABLE = YES;
				IPHONEOS_DEPLOYMENT_TARGET = 12.0;
				MTL_ENABLE_DEBUG_INFO = NO;
				MTL_FAST_MATH = YES;
				SDKROOT = iphoneos;
				SWIFT_COMPILATION_MODE = wholemodule;
				SWIFT_OPTIMIZATION_LEVEL = "-O";
				VALIDATE_PRODUCT = YES;
			};
			name = Release;
		};
		F6824A4521762875003029EE /* Debug */ = {
			isa = XCBuildConfiguration;
			buildSettings = {
				ASSETCATALOG_COMPILER_APPICON_NAME = AppIcon;
				CODE_SIGN_STYLE = Automatic;
				FRAMEWORK_SEARCH_PATHS = (
					"$(inherited)",
					"$(PROJECT_DIR)/Carthage/Build/iOS",
				);
				INFOPLIST_FILE = TableView/Info.plist;
				LD_RUNPATH_SEARCH_PATHS = (
					"$(inherited)",
					"@executable_path/Frameworks",
				);
				PRODUCT_BUNDLE_IDENTIFIER = quocnv.TableView;
				PRODUCT_NAME = "$(TARGET_NAME)";
				SWIFT_VERSION = 4.2;
				TARGETED_DEVICE_FAMILY = "1,2";
			};
			name = Debug;
		};
		F6824A4621762875003029EE /* Release */ = {
			isa = XCBuildConfiguration;
			buildSettings = {
				ASSETCATALOG_COMPILER_APPICON_NAME = AppIcon;
				CODE_SIGN_STYLE = Automatic;
				FRAMEWORK_SEARCH_PATHS = (
					"$(inherited)",
					"$(PROJECT_DIR)/Carthage/Build/iOS",
				);
				INFOPLIST_FILE = TableView/Info.plist;
				LD_RUNPATH_SEARCH_PATHS = (
					"$(inherited)",
					"@executable_path/Frameworks",
				);
				PRODUCT_BUNDLE_IDENTIFIER = quocnv.TableView;
				PRODUCT_NAME = "$(TARGET_NAME)";
				SWIFT_VERSION = 4.2;
				TARGETED_DEVICE_FAMILY = "1,2";
			};
			name = Release;
		};
		F6824A4821762875003029EE /* Debug */ = {
			isa = XCBuildConfiguration;
			buildSettings = {
				ALWAYS_EMBED_SWIFT_STANDARD_LIBRARIES = YES;
				BUNDLE_LOADER = "$(TEST_HOST)";
				CODE_SIGN_STYLE = Automatic;
				INFOPLIST_FILE = TableViewTests/Info.plist;
				LD_RUNPATH_SEARCH_PATHS = (
					"$(inherited)",
					"@executable_path/Frameworks",
					"@loader_path/Frameworks",
				);
				PRODUCT_BUNDLE_IDENTIFIER = quocnv.TableViewTests;
				PRODUCT_NAME = "$(TARGET_NAME)";
				SWIFT_VERSION = 4.2;
				TARGETED_DEVICE_FAMILY = "1,2";
				TEST_HOST = "$(BUILT_PRODUCTS_DIR)/TableView.app/TableView";
			};
			name = Debug;
		};
		F6824A4921762875003029EE /* Release */ = {
			isa = XCBuildConfiguration;
			buildSettings = {
				ALWAYS_EMBED_SWIFT_STANDARD_LIBRARIES = YES;
				BUNDLE_LOADER = "$(TEST_HOST)";
				CODE_SIGN_STYLE = Automatic;
				INFOPLIST_FILE = TableViewTests/Info.plist;
				LD_RUNPATH_SEARCH_PATHS = (
					"$(inherited)",
					"@executable_path/Frameworks",
					"@loader_path/Frameworks",
				);
				PRODUCT_BUNDLE_IDENTIFIER = quocnv.TableViewTests;
				PRODUCT_NAME = "$(TARGET_NAME)";
				SWIFT_VERSION = 4.2;
				TARGETED_DEVICE_FAMILY = "1,2";
				TEST_HOST = "$(BUILT_PRODUCTS_DIR)/TableView.app/TableView";
			};
			name = Release;
		};
		F6824A4B21762875003029EE /* Debug */ = {
			isa = XCBuildConfiguration;
			buildSettings = {
				ALWAYS_EMBED_SWIFT_STANDARD_LIBRARIES = YES;
				CODE_SIGN_STYLE = Automatic;
				INFOPLIST_FILE = TableViewUITests/Info.plist;
				LD_RUNPATH_SEARCH_PATHS = (
					"$(inherited)",
					"@executable_path/Frameworks",
					"@loader_path/Frameworks",
				);
				PRODUCT_BUNDLE_IDENTIFIER = quocnv.TableViewUITests;
				PRODUCT_NAME = "$(TARGET_NAME)";
				SWIFT_VERSION = 4.2;
				TARGETED_DEVICE_FAMILY = "1,2";
				TEST_TARGET_NAME = TableView;
			};
			name = Debug;
		};
		F6824A4C21762875003029EE /* Release */ = {
			isa = XCBuildConfiguration;
			buildSettings = {
				ALWAYS_EMBED_SWIFT_STANDARD_LIBRARIES = YES;
				CODE_SIGN_STYLE = Automatic;
				INFOPLIST_FILE = TableViewUITests/Info.plist;
				LD_RUNPATH_SEARCH_PATHS = (
					"$(inherited)",
					"@executable_path/Frameworks",
					"@loader_path/Frameworks",
				);
				PRODUCT_BUNDLE_IDENTIFIER = quocnv.TableViewUITests;
				PRODUCT_NAME = "$(TARGET_NAME)";
				SWIFT_VERSION = 4.2;
				TARGETED_DEVICE_FAMILY = "1,2";
				TEST_TARGET_NAME = TableView;
			};
			name = Release;
		};
/* End XCBuildConfiguration section */

/* Begin XCConfigurationList section */
		F6824A1721762874003029EE /* Build configuration list for PBXProject "TableView" */ = {
			isa = XCConfigurationList;
			buildConfigurations = (
				F6824A4221762875003029EE /* Debug */,
				F6824A4321762875003029EE /* Release */,
			);
			defaultConfigurationIsVisible = 0;
			defaultConfigurationName = Release;
		};
		F6824A4421762875003029EE /* Build configuration list for PBXNativeTarget "TableView" */ = {
			isa = XCConfigurationList;
			buildConfigurations = (
				F6824A4521762875003029EE /* Debug */,
				F6824A4621762875003029EE /* Release */,
			);
			defaultConfigurationIsVisible = 0;
			defaultConfigurationName = Release;
		};
		F6824A4721762875003029EE /* Build configuration list for PBXNativeTarget "TableViewTests" */ = {
			isa = XCConfigurationList;
			buildConfigurations = (
				F6824A4821762875003029EE /* Debug */,
				F6824A4921762875003029EE /* Release */,
			);
			defaultConfigurationIsVisible = 0;
			defaultConfigurationName = Release;
		};
		F6824A4A21762875003029EE /* Build configuration list for PBXNativeTarget "TableViewUITests" */ = {
			isa = XCConfigurationList;
			buildConfigurations = (
				F6824A4B21762875003029EE /* Debug */,
				F6824A4C21762875003029EE /* Release */,
			);
			defaultConfigurationIsVisible = 0;
			defaultConfigurationName = Release;
		};
/* End XCConfigurationList section */
	};
	rootObject = F6824A1421762874003029EE /* Project object */;
}
